
Microsoft Visual Studio Solution File, Format Version 12.00
# Visual Studio Version 16
VisualStudioVersion = 16.0.32802.440
MinimumVisualStudioVersion = 10.0.40219.1
Project("{FAE04EC0-301F-11D3-BF4B-00C04F79EFBC}") = "GitHubTestRepo", "GitHubTestRepo\GitHubTestRepo.csproj", "{B91D9BEA-5B45-4B9A-A4CA-CE7274467BF6}"
EndProject
Global
	GlobalSection(SolutionConfigurationPlatforms) = preSolution
		Debug|Any CPU = Debug|Any CPU
		Release|Any CPU = Release|Any CPU
	EndGlobalSection
	GlobalSection(ProjectConfigurationPlatforms) = postSolution
		{B91D9BEA-5B45-4B9A-A4CA-CE7274467BF6}.Debug|Any CPU.ActiveCfg = Debug|Any CPU
		{B91D9BEA-5B45-4B9A-A4CA-CE7274467BF6}.Debug|Any CPU.Build.0 = Debug|Any CPU
		{B91D9BEA-5B45-4B9A-A4CA-CE7274467BF6}.Release|Any CPU.ActiveCfg = Release|Any CPU
		{B91D9BEA-5B45-4B9A-A4CA-CE7274467BF6}.Release|Any CPU.Build.0 = Release|Any CPU
	EndGlobalSection
	GlobalSection(SolutionProperties) = preSolution
		HideSolutionNode = FALSE
	EndGlobalSection
	GlobalSection(ExtensibilityGlobals) = postSolution
		SolutionGuid = {002FB5CD-B19D-4A39-8A7C-6222BED487E9}
	EndGlobalSection
EndGlobal
